
Microsoft Visual Studio Solution File, Format Version 12.00
# Visual Studio Version 16
VisualStudioVersion = 16.0.31025.194
MinimumVisualStudioVersion = 10.0.40219.1
Project("{FAE04EC0-301F-11D3-BF4B-00C04F79EFBC}") = "CoolingTowerMonitoring", "CoolingTowerMonitoring\CoolingTowerMonitoring.csproj", "{C5C0AB2F-E3BA-4B0D-923C-87D1B6CE078B}"
EndProject
Project("{FAE04EC0-301F-11D3-BF4B-00C04F79EFBC}") = "Communication", "Communication\Communication.csproj", "{C1EB0D09-193B-40D6-8535-B1752A213B58}"
EndProject
Project("{FAE04EC0-301F-11D3-BF4B-00C04F79EFBC}") = "Controls", "Controls\Controls.csproj", "{CD784ADE-8065-4581-9748-29092E9ABCA4}"
EndProject
Global
	GlobalSection(SolutionConfigurationPlatforms) = preSolution
		Debug|Any CPU = Debug|Any CPU
		Release|Any CPU = Release|Any CPU
	EndGlobalSection
	GlobalSection(ProjectConfigurationPlatforms) = postSolution
		{C5C0AB2F-E3BA-4B0D-923C-87D1B6CE078B}.Debug|Any CPU.ActiveCfg = Debug|Any CPU
		{C5C0AB2F-E3BA-4B0D-923C-87D1B6CE078B}.Debug|Any CPU.Build.0 = Debug|Any CPU
		{C5C0AB2F-E3BA-4B0D-923C-87D1B6CE078B}.Release|Any CPU.ActiveCfg = Release|Any CPU
		{C5C0AB2F-E3BA-4B0D-923C-87D1B6CE078B}.Release|Any CPU.Build.0 = Release|Any CPU
		{C1EB0D09-193B-40D6-8535-B1752A213B58}.Debug|Any CPU.ActiveCfg = Debug|Any CPU
		{C1EB0D09-193B-40D6-8535-B1752A213B58}.Debug|Any CPU.Build.0 = Debug|Any CPU
		{C1EB0D09-193B-40D6-8535-B1752A213B58}.Release|Any CPU.ActiveCfg = Release|Any CPU
		{C1EB0D09-193B-40D6-8535-B1752A213B58}.Release|Any CPU.Build.0 = Release|Any CPU
		{CD784ADE-8065-4581-9748-29092E9ABCA4}.Debug|Any CPU.ActiveCfg = Debug|Any CPU
		{CD784ADE-8065-4581-9748-29092E9ABCA4}.Debug|Any CPU.Build.0 = Debug|Any CPU
		{CD784ADE-8065-4581-9748-29092E9ABCA4}.Release|Any CPU.ActiveCfg = Release|Any CPU
		{CD784ADE-8065-4581-9748-29092E9ABCA4}.Release|Any CPU.Build.0 = Release|Any CPU
	EndGlobalSection
	GlobalSection(SolutionProperties) = preSolution
		HideSolutionNode = FALSE
	EndGlobalSection
	GlobalSection(ExtensibilityGlobals) = postSolution
		SolutionGuid = {08E6E460-47E6-4679-9F89-A4EEF79EA1CE}
	EndGlobalSection
EndGlobal
